// !$*UTF8*$!
{
	archiveVersion = 1;
	classes = {
	};
	objectVersion = 46;
	objects = {

/* Begin PBXBuildFile section */
		AC74F6ED19A64501009528D3 /* Foundation.framework in Frameworks */ = {isa = PBXBuildFile; fileRef = AC74F6EC19A64501009528D3 /* Foundation.framework */; };
		AC74F6EF19A64501009528D3 /* CoreGraphics.framework in Frameworks */ = {isa = PBXBuildFile; fileRef = AC74F6EE19A64501009528D3 /* CoreGraphics.framework */; };
		AC74F6F119A64501009528D3 /* UIKit.framework in Frameworks */ = {isa = PBXBuildFile; fileRef = AC74F6F019A64501009528D3 /* UIKit.framework */; };
		AC74F6F719A64501009528D3 /* InfoPlist.strings in Resources */ = {isa = PBXBuildFile; fileRef = AC74F6F519A64501009528D3 /* InfoPlist.strings */; };
		AC74F6F919A64501009528D3 /* main.m in Sources */ = {isa = PBXBuildFile; fileRef = AC74F6F819A64501009528D3 /* main.m */; };
		AC74F6FD19A64501009528D3 /* AppDelegate.m in Sources */ = {isa = PBXBuildFile; fileRef = AC74F6FC19A64501009528D3 /* AppDelegate.m */; };
		AC74F70019A64501009528D3 /* Main.storyboard in Resources */ = {isa = PBXBuildFile; fileRef = AC74F6FE19A64501009528D3 /* Main.storyboard */; };
		AC74F70319A64501009528D3 /* ViewController.m in Sources */ = {isa = PBXBuildFile; fileRef = AC74F70219A64501009528D3 /* ViewController.m */; };
		AC74F70519A64501009528D3 /* Images.xcassets in Resources */ = {isa = PBXBuildFile; fileRef = AC74F70419A64501009528D3 /* Images.xcassets */; };
		AC74F70C19A64501009528D3 /* XCTest.framework in Frameworks */ = {isa = PBXBuildFile; fileRef = AC74F70B19A64501009528D3 /* XCTest.framework */; };
		AC74F70D19A64501009528D3 /* Foundation.framework in Frameworks */ = {isa = PBXBuildFile; fileRef = AC74F6EC19A64501009528D3 /* Foundation.framework */; };
		AC74F70E19A64501009528D3 /* UIKit.framework in Frameworks */ = {isa = PBXBuildFile; fileRef = AC74F6F019A64501009528D3 /* UIKit.framework */; };
		AC74F71619A64501009528D3 /* InfoPlist.strings in Resources */ = {isa = PBXBuildFile; fileRef = AC74F71419A64501009528D3 /* InfoPlist.strings */; };
		AC74F71819A64501009528D3 /* POSTests.m in Sources */ = {isa = PBXBuildFile; fileRef = AC74F71719A64501009528D3 /* POSTests.m */; };
/* End PBXBuildFile section */

/* Begin PBXContainerItemProxy section */
		AC74F70F19A64501009528D3 /* PBXContainerItemProxy */ = {
			isa = PBXContainerItemProxy;
			containerPortal = AC74F6E119A64501009528D3 /* Project object */;
			proxyType = 1;
			remoteGlobalIDString = AC74F6E819A64501009528D3;
			remoteInfo = POS;
		};
/* End PBXContainerItemProxy section */

/* Begin PBXFileReference section */
		AC74F6E919A64501009528D3 /* POS.app */ = {isa = PBXFileReference; explicitFileType = wrapper.application; includeInIndex = 0; path = POS.app; sourceTree = BUILT_PRODUCTS_DIR; };
		AC74F6EC19A64501009528D3 /* Foundation.framework */ = {isa = PBXFileReference; lastKnownFileType = wrapper.framework; name = Foundation.framework; path = System/Library/Frameworks/Foundation.framework; sourceTree = SDKROOT; };
		AC74F6EE19A64501009528D3 /* CoreGraphics.framework */ = {isa = PBXFileReference; lastKnownFileType = wrapper.framework; name = CoreGraphics.framework; path = System/Library/Frameworks/CoreGraphics.framework; sourceTree = SDKROOT; };
		AC74F6F019A64501009528D3 /* UIKit.framework */ = {isa = PBXFileReference; lastKnownFileType = wrapper.framework; name = UIKit.framework; path = System/Library/Frameworks/UIKit.framework; sourceTree = SDKROOT; };
		AC74F6F419A64501009528D3 /* POS-Info.plist */ = {isa = PBXFileReference; lastKnownFileType = text.plist.xml; path = "POS-Info.plist"; sourceTree = "<group>"; };
		AC74F6F619A64501009528D3 /* en */ = {isa = PBXFileReference; lastKnownFileType = text.plist.strings; name = en; path = en.lproj/InfoPlist.strings; sourceTree = "<group>"; };
		AC74F6F819A64501009528D3 /* main.m */ = {isa = PBXFileReference; lastKnownFileType = sourcecode.c.objc; path = main.m; sourceTree = "<group>"; };
		AC74F6FA19A64501009528D3 /* POS-Prefix.pch */ = {isa = PBXFileReference; lastKnownFileType = sourcecode.c.h; path = "POS-Prefix.pch"; sourceTree = "<group>"; };
		AC74F6FB19A64501009528D3 /* AppDelegate.h */ = {isa = PBXFileReference; lastKnownFileType = sourcecode.c.h; path = AppDelegate.h; sourceTree = "<group>"; };
		AC74F6FC19A64501009528D3 /* AppDelegate.m */ = {isa = PBXFileReference; lastKnownFileType = sourcecode.c.objc; path = AppDelegate.m; sourceTree = "<group>"; };
		AC74F6FF19A64501009528D3 /* Base */ = {isa = PBXFileReference; lastKnownFileType = file.storyboard; name = Base; path = Base.lproj/Main.storyboard; sourceTree = "<group>"; };
		AC74F70119A64501009528D3 /* ViewController.h */ = {isa = PBXFileReference; lastKnownFileType = sourcecode.c.h; path = ViewController.h; sourceTree = "<group>"; };
		AC74F70219A64501009528D3 /* ViewController.m */ = {isa = PBXFileReference; lastKnownFileType = sourcecode.c.objc; path = ViewController.m; sourceTree = "<group>"; };
		AC74F70419A64501009528D3 /* Images.xcassets */ = {isa = PBXFileReference; lastKnownFileType = folder.assetcatalog; path = Images.xcassets; sourceTree = "<group>"; };
		AC74F70A19A64501009528D3 /* POSTests.xctest */ = {isa = PBXFileReference; explicitFileType = wrapper.cfbundle; includeInIndex = 0; path = POSTests.xctest; sourceTree = BUILT_PRODUCTS_DIR; };
		AC74F70B19A64501009528D3 /* XCTest.framework */ = {isa = PBXFileReference; lastKnownFileType = wrapper.framework; name = XCTest.framework; path = Library/Frameworks/XCTest.framework; sourceTree = DEVELOPER_DIR; };
		AC74F71319A64501009528D3 /* POSTests-Info.plist */ = {isa = PBXFileReference; lastKnownFileType = text.plist.xml; path = "POSTests-Info.plist"; sourceTree = "<group>"; };
		AC74F71519A64501009528D3 /* en */ = {isa = PBXFileReference; lastKnownFileType = text.plist.strings; name = en; path = en.lproj/InfoPlist.strings; sourceTree = "<group>"; };
		AC74F71719A64501009528D3 /* POSTests.m */ = {isa = PBXFileReference; lastKnownFileType = sourcecode.c.objc; path = POSTests.m; sourceTree = "<group>"; };
/* End PBXFileReference section */

/* Begin PBXFrameworksBuildPhase section */
		AC74F6E619A64501009528D3 /* Frameworks */ = {
			isa = PBXFrameworksBuildPhase;
			buildActionMask = 2147483647;
			files = (
				AC74F6EF19A64501009528D3 /* CoreGraphics.framework in Frameworks */,
				AC74F6F119A64501009528D3 /* UIKit.framework in Frameworks */,
				AC74F6ED19A64501009528D3 /* Foundation.framework in Frameworks */,
			);
			runOnlyForDeploymentPostprocessing = 0;
		};
		AC74F70719A64501009528D3 /* Frameworks */ = {
			isa = PBXFrameworksBuildPhase;
			buildActionMask = 2147483647;
			files = (
				AC74F70C19A64501009528D3 /* XCTest.framework in Frameworks */,
				AC74F70E19A64501009528D3 /* UIKit.framework in Frameworks */,
				AC74F70D19A64501009528D3 /* Foundation.framework in Frameworks */,
			);
			runOnlyForDeploymentPostprocessing = 0;
		};
/* End PBXFrameworksBuildPhase section */

/* Begin PBXGroup section */
		AC74F6E019A64501009528D3 = {
			isa = PBXGroup;
			children = (
				AC74F6F219A64501009528D3 /* POS */,
				AC74F71119A64501009528D3 /* POSTests */,
				AC74F6EB19A64501009528D3 /* Frameworks */,
				AC74F6EA19A64501009528D3 /* Products */,
			);
			sourceTree = "<group>";
		};
		AC74F6EA19A64501009528D3 /* Products */ = {
			isa = PBXGroup;
			children = (
				AC74F6E919A64501009528D3 /* POS.app */,
				AC74F70A19A64501009528D3 /* POSTests.xctest */,
			);
			name = Products;
			sourceTree = "<group>";
		};
		AC74F6EB19A64501009528D3 /* Frameworks */ = {
			isa = PBXGroup;
			children = (
				AC74F6EC19A64501009528D3 /* Foundation.framework */,
				AC74F6EE19A64501009528D3 /* CoreGraphics.framework */,
				AC74F6F019A64501009528D3 /* UIKit.framework */,
				AC74F70B19A64501009528D3 /* XCTest.framework */,
			);
			name = Frameworks;
			sourceTree = "<group>";
		};
		AC74F6F219A64501009528D3 /* POS */ = {
			isa = PBXGroup;
			children = (
				AC74F6FB19A64501009528D3 /* AppDelegate.h */,
				AC74F6FC19A64501009528D3 /* AppDelegate.m */,
				AC74F6FE19A64501009528D3 /* Main.storyboard */,
				AC74F70119A64501009528D3 /* ViewController.h */,
				AC74F70219A64501009528D3 /* ViewController.m */,
				AC74F70419A64501009528D3 /* Images.xcassets */,
				AC74F6F319A64501009528D3 /* Supporting Files */,
			);
			path = POS;
			sourceTree = "<group>";
		};
		AC74F6F319A64501009528D3 /* Supporting Files */ = {
			isa = PBXGroup;
			children = (
				AC74F6F419A64501009528D3 /* POS-Info.plist */,
				AC74F6F519A64501009528D3 /* InfoPlist.strings */,
				AC74F6F819A64501009528D3 /* main.m */,
				AC74F6FA19A64501009528D3 /* POS-Prefix.pch */,
			);
			name = "Supporting Files";
			sourceTree = "<group>";
		};
		AC74F71119A64501009528D3 /* POSTests */ = {
			isa = PBXGroup;
			children = (
				AC74F71719A64501009528D3 /* POSTests.m */,
				AC74F71219A64501009528D3 /* Supporting Files */,
			);
			path = POSTests;
			sourceTree = "<group>";
		};
		AC74F71219A64501009528D3 /* Supporting Files */ = {
			isa = PBXGroup;
			children = (
				AC74F71319A64501009528D3 /* POSTests-Info.plist */,
				AC74F71419A64501009528D3 /* InfoPlist.strings */,
			);
			name = "Supporting Files";
			sourceTree = "<group>";
		};
/* End PBXGroup section */

/* Begin PBXNativeTarget section */
		AC74F6E819A64501009528D3 /* POS */ = {
			isa = PBXNativeTarget;
			buildConfigurationList = AC74F71B19A64501009528D3 /* Build configuration list for PBXNativeTarget "POS" */;
			buildPhases = (
				AC74F6E519A64501009528D3 /* Sources */,
				AC74F6E619A64501009528D3 /* Frameworks */,
				AC74F6E719A64501009528D3 /* Resources */,
			);
			buildRules = (
			);
			dependencies = (
			);
			name = POS;
			productName = POS;
			productReference = AC74F6E919A64501009528D3 /* POS.app */;
			productType = "com.apple.product-type.application";
		};
		AC74F70919A64501009528D3 /* POSTests */ = {
			isa = PBXNativeTarget;
			buildConfigurationList = AC74F71E19A64501009528D3 /* Build configuration list for PBXNativeTarget "POSTests" */;
			buildPhases = (
				AC74F70619A64501009528D3 /* Sources */,
				AC74F70719A64501009528D3 /* Frameworks */,
				AC74F70819A64501009528D3 /* Resources */,
			);
			buildRules = (
			);
			dependencies = (
				AC74F71019A64501009528D3 /* PBXTargetDependency */,
			);
			name = POSTests;
			productName = POSTests;
			productReference = AC74F70A19A64501009528D3 /* POSTests.xctest */;
			productType = "com.apple.product-type.bundle.unit-test";
		};
/* End PBXNativeTarget section */

/* Begin PBXProject section */
		AC74F6E119A64501009528D3 /* Project object */ = {
			isa = PBXProject;
			attributes = {
				LastUpgradeCheck = 0510;
				ORGANIZATIONNAME = "Marco Denisi";
				TargetAttributes = {
					AC74F70919A64501009528D3 = {
						TestTargetID = AC74F6E819A64501009528D3;
					};
				};
			};
			buildConfigurationList = AC74F6E419A64501009528D3 /* Build configuration list for PBXProject "POS" */;
			compatibilityVersion = "Xcode 3.2";
			developmentRegion = English;
			hasScannedForEncodings = 0;
			knownRegions = (
				en,
				Base,
			);
			mainGroup = AC74F6E019A64501009528D3;
			productRefGroup = AC74F6EA19A64501009528D3 /* Products */;
			projectDirPath = "";
			projectRoot = "";
			targets = (
				AC74F6E819A64501009528D3 /* POS */,
				AC74F70919A64501009528D3 /* POSTests */,
			);
		};
/* End PBXProject section */

/* Begin PBXResourcesBuildPhase section */
		AC74F6E719A64501009528D3 /* Resources */ = {
			isa = PBXResourcesBuildPhase;
			buildActionMask = 2147483647;
			files = (
				AC74F70519A64501009528D3 /* Images.xcassets in Resources */,
				AC74F6F719A64501009528D3 /* InfoPlist.strings in Resources */,
				AC74F70019A64501009528D3 /* Main.storyboard in Resources */,
			);
			runOnlyForDeploymentPostprocessing = 0;
		};
		AC74F70819A64501009528D3 /* Resources */ = {
			isa = PBXResourcesBuildPhase;
			buildActionMask = 2147483647;
			files = (
				AC74F71619A64501009528D3 /* InfoPlist.strings in Resources */,
			);
			runOnlyForDeploymentPostprocessing = 0;
		};
/* End PBXResourcesBuildPhase section */

/* Begin PBXSourcesBuildPhase section */
		AC74F6E519A64501009528D3 /* Sources */ = {
			isa = PBXSourcesBuildPhase;
			buildActionMask = 2147483647;
			files = (
				AC74F70319A64501009528D3 /* ViewController.m in Sources */,
				AC74F6FD19A64501009528D3 /* AppDelegate.m in Sources */,
				AC74F6F919A64501009528D3 /* main.m in Sources */,
			);
			runOnlyForDeploymentPostprocessing = 0;
		};
		AC74F70619A64501009528D3 /* Sources */ = {
			isa = PBXSourcesBuildPhase;
			buildActionMask = 2147483647;
			files = (
				AC74F71819A64501009528D3 /* POSTests.m in Sources */,
			);
			runOnlyForDeploymentPostprocessing = 0;
		};
/* End PBXSourcesBuildPhase section */

/* Begin PBXTargetDependency section */
		AC74F71019A64501009528D3 /* PBXTargetDependency */ = {
			isa = PBXTargetDependency;
			target = AC74F6E819A64501009528D3 /* POS */;
			targetProxy = AC74F70F19A64501009528D3 /* PBXContainerItemProxy */;
		};
/* End PBXTargetDependency section */

/* Begin PBXVariantGroup section */
		AC74F6F519A64501009528D3 /* InfoPlist.strings */ = {
			isa = PBXVariantGroup;
			children = (
				AC74F6F619A64501009528D3 /* en */,
			);
			name = InfoPlist.strings;
			sourceTree = "<group>";
		};
		AC74F6FE19A64501009528D3 /* Main.storyboard */ = {
			isa = PBXVariantGroup;
			children = (
				AC74F6FF19A64501009528D3 /* Base */,
			);
			name = Main.storyboard;
			sourceTree = "<group>";
		};
		AC74F71419A64501009528D3 /* InfoPlist.strings */ = {
			isa = PBXVariantGroup;
			children = (
				AC74F71519A64501009528D3 /* en */,
			);
			name = InfoPlist.strings;
			sourceTree = "<group>";
		};
/* End PBXVariantGroup section */

/* Begin XCBuildConfiguration section */
		AC74F71919A64501009528D3 /* Debug */ = {
			isa = XCBuildConfiguration;
			buildSettings = {
				ALWAYS_SEARCH_USER_PATHS = NO;
				CLANG_CXX_LANGUAGE_STANDARD = "gnu++0x";
				CLANG_CXX_LIBRARY = "libc++";
				CLANG_ENABLE_MODULES = YES;
				CLANG_ENABLE_OBJC_ARC = YES;
				CLANG_WARN_BOOL_CONVERSION = YES;
				CLANG_WARN_CONSTANT_CONVERSION = YES;
				CLANG_WARN_DIRECT_OBJC_ISA_USAGE = YES_ERROR;
				CLANG_WARN_EMPTY_BODY = YES;
				CLANG_WARN_ENUM_CONVERSION = YES;
				CLANG_WARN_INT_CONVERSION = YES;
				CLANG_WARN_OBJC_ROOT_CLASS = YES_ERROR;
				CLANG_WARN__DUPLICATE_METHOD_MATCH = YES;
				"CODE_SIGN_IDENTITY[sdk=iphoneos*]" = "iPhone Developer";
				COPY_PHASE_STRIP = NO;
				GCC_C_LANGUAGE_STANDARD = gnu99;
				GCC_DYNAMIC_NO_PIC = NO;
				GCC_OPTIMIZATION_LEVEL = 0;
				GCC_PREPROCESSOR_DEFINITIONS = (
					"DEBUG=1",
					"$(inherited)",
				);
				GCC_SYMBOLS_PRIVATE_EXTERN = NO;
				GCC_WARN_64_TO_32_BIT_CONVERSION = YES;
				GCC_WARN_ABOUT_RETURN_TYPE = YES_ERROR;
				GCC_WARN_UNDECLARED_SELECTOR = YES;
				GCC_WARN_UNINITIALIZED_AUTOS = YES_AGGRESSIVE;
				GCC_WARN_UNUSED_FUNCTION = YES;
				GCC_WARN_UNUSED_VARIABLE = YES;
				IPHONEOS_DEPLOYMENT_TARGET = 7.1;
				ONLY_ACTIVE_ARCH = YES;
				SDKROOT = iphoneos;
				TARGETED_DEVICE_FAMILY = 2;
			};
			name = Debug;
		};
		AC74F71A19A64501009528D3 /* Release */ = {
			isa = XCBuildConfiguration;
			buildSettings = {
				ALWAYS_SEARCH_USER_PATHS = NO;
				CLANG_CXX_LANGUAGE_STANDARD = "gnu++0x";
				CLANG_CXX_LIBRARY = "libc++";
				CLANG_ENABLE_MODULES = YES;
				CLANG_ENABLE_OBJC_ARC = YES;
				CLANG_WARN_BOOL_CONVERSION = YES;
				CLANG_WARN_CONSTANT_CONVERSION = YES;
				CLANG_WARN_DIRECT_OBJC_ISA_USAGE = YES_ERROR;
				CLANG_WARN_EMPTY_BODY = YES;
				CLANG_WARN_ENUM_CONVERSION = YES;
				CLANG_WARN_INT_CONVERSION = YES;
				CLANG_WARN_OBJC_ROOT_CLASS = YES_ERROR;
				CLANG_WARN__DUPLICATE_METHOD_MATCH = YES;
				"CODE_SIGN_IDENTITY[sdk=iphoneos*]" = "iPhone Developer";
				COPY_PHASE_STRIP = YES;
				ENABLE_NS_ASSERTIONS = NO;
				GCC_C_LANGUAGE_STANDARD = gnu99;
				GCC_WARN_64_TO_32_BIT_CONVERSION = YES;
				GCC_WARN_ABOUT_RETURN_TYPE = YES_ERROR;
				GCC_WARN_UNDECLARED_SELECTOR = YES;
				GCC_WARN_UNINITIALIZED_AUTOS = YES_AGGRESSIVE;
				GCC_WARN_UNUSED_FUNCTION = YES;
				GCC_WARN_UNUSED_VARIABLE = YES;
				IPHONEOS_DEPLOYMENT_TARGET = 7.1;
				SDKROOT = iphoneos;
				TARGETED_DEVICE_FAMILY = 2;
				VALIDATE_PRODUCT = YES;
			};
			name = Release;
		};
		AC74F71C19A64501009528D3 /* Debug */ = {
			isa = XCBuildConfiguration;
			buildSettings = {
				ASSETCATALOG_COMPILER_APPICON_NAME = AppIcon;
				ASSETCATALOG_COMPILER_LAUNCHIMAGE_NAME = LaunchImage;
				GCC_PRECOMPILE_PREFIX_HEADER = YES;
				GCC_PREFIX_HEADER = "POS/POS-Prefix.pch";
				INFOPLIST_FILE = "POS/POS-Info.plist";
				PRODUCT_NAME = "$(TARGET_NAME)";
				WRAPPER_EXTENSION = app;
			};
			name = Debug;
		};
		AC74F71D19A64501009528D3 /* Release */ = {
			isa = XCBuildConfiguration;
			buildSettings = {
				ASSETCATALOG_COMPILER_APPICON_NAME = AppIcon;
				ASSETCATALOG_COMPILER_LAUNCHIMAGE_NAME = LaunchImage;
				GCC_PRECOMPILE_PREFIX_HEADER = YES;
				GCC_PREFIX_HEADER = "POS/POS-Prefix.pch";
				INFOPLIST_FILE = "POS/POS-Info.plist";
				PRODUCT_NAME = "$(TARGET_NAME)";
				WRAPPER_EXTENSION = app;
			};
			name = Release;
		};
		AC74F71F19A64501009528D3 /* Debug */ = {
			isa = XCBuildConfiguration;
			buildSettings = {
				BUNDLE_LOADER = "$(BUILT_PRODUCTS_DIR)/POS.app/POS";
				FRAMEWORK_SEARCH_PATHS = (
					"$(SDKROOT)/Developer/Library/Frameworks",
					"$(inherited)",
					"$(DEVELOPER_FRAMEWORKS_DIR)",
				);
				GCC_PRECOMPILE_PREFIX_HEADER = YES;
				GCC_PREFIX_HEADER = "POS/POS-Prefix.pch";
				GCC_PREPROCESSOR_DEFINITIONS = (
					"DEBUG=1",
					"$(inherited)",
				);
				INFOPLIST_FILE = "POSTests/POSTests-Info.plist";
				PRODUCT_NAME = "$(TARGET_NAME)";
				TEST_HOST = "$(BUNDLE_LOADER)";
				WRAPPER_EXTENSION = xctest;
			};
			name = Debug;
		};
		AC74F72019A64501009528D3 /* Release */ = {
			isa = XCBuildConfiguration;
			buildSettings = {
				BUNDLE_LOADER = "$(BUILT_PRODUCTS_DIR)/POS.app/POS";
				FRAMEWORK_SEARCH_PATHS = (
					"$(SDKROOT)/Developer/Library/Frameworks",
					"$(inherited)",
					"$(DEVELOPER_FRAMEWORKS_DIR)",
				);
				GCC_PRECOMPILE_PREFIX_HEADER = YES;
				GCC_PREFIX_HEADER = "POS/POS-Prefix.pch";
				INFOPLIST_FILE = "POSTests/POSTests-Info.plist";
				PRODUCT_NAME = "$(TARGET_NAME)";
				TEST_HOST = "$(BUNDLE_LOADER)";
				WRAPPER_EXTENSION = xctest;
			};
			name = Release;
		};
/* End XCBuildConfiguration section */

/* Begin XCConfigurationList section */
		AC74F6E419A64501009528D3 /* Build configuration list for PBXProject "POS" */ = {
			isa = XCConfigurationList;
			buildConfigurations = (
				AC74F71919A64501009528D3 /* Debug */,
				AC74F71A19A64501009528D3 /* Release */,
			);
			defaultConfigurationIsVisible = 0;
			defaultConfigurationName = Release;
		};
		AC74F71B19A64501009528D3 /* Build configuration list for PBXNativeTarget "POS" */ = {
			isa = XCConfigurationList;
			buildConfigurations = (
				AC74F71C19A64501009528D3 /* Debug */,
				AC74F71D19A64501009528D3 /* Release */,
			);
			defaultConfigurationIsVisible = 0;
		};
		AC74F71E19A64501009528D3 /* Build configuration list for PBXNativeTarget "POSTests" */ = {
			isa = XCConfigurationList;
			buildConfigurations = (
				AC74F71F19A64501009528D3 /* Debug */,
				AC74F72019A64501009528D3 /* Release */,
			);
			defaultConfigurationIsVisible = 0;
		};
/* End XCConfigurationList section */
	};
	rootObject = AC74F6E119A64501009528D3 /* Project object */;
}
